
Microsoft Visual Studio Solution File, Format Version 12.00
# Visual Studio 15
VisualStudioVersion = 15.0.27703.2042
MinimumVisualStudioVersion = 10.0.40219.1
Project("{FAE04EC0-301F-11D3-BF4B-00C04F79EFBC}") = "DayOne", "DayOne\DayOne.csproj", "{6D027281-7BA5-456D-9913-44B21328B715}"
EndProject
Project("{FAE04EC0-301F-11D3-BF4B-00C04F79EFBC}") = "DayOne.Tests", "DayOne.Tests\DayOne.Tests.csproj", "{43CD4186-C9DA-4554-B39B-7D55FBBF8391}"
EndProject
Global
	GlobalSection(SolutionConfigurationPlatforms) = preSolution
		Debug|Any CPU = Debug|Any CPU
		Release|Any CPU = Release|Any CPU
	EndGlobalSection
	GlobalSection(ProjectConfigurationPlatforms) = postSolution
		{6D027281-7BA5-456D-9913-44B21328B715}.Debug|Any CPU.ActiveCfg = Debug|Any CPU
		{6D027281-7BA5-456D-9913-44B21328B715}.Debug|Any CPU.Build.0 = Debug|Any CPU
		{6D027281-7BA5-456D-9913-44B21328B715}.Release|Any CPU.ActiveCfg = Release|Any CPU
		{6D027281-7BA5-456D-9913-44B21328B715}.Release|Any CPU.Build.0 = Release|Any CPU
		{43CD4186-C9DA-4554-B39B-7D55FBBF8391}.Debug|Any CPU.ActiveCfg = Debug|Any CPU
		{43CD4186-C9DA-4554-B39B-7D55FBBF8391}.Debug|Any CPU.Build.0 = Debug|Any CPU
		{43CD4186-C9DA-4554-B39B-7D55FBBF8391}.Release|Any CPU.ActiveCfg = Release|Any CPU
		{43CD4186-C9DA-4554-B39B-7D55FBBF8391}.Release|Any CPU.Build.0 = Release|Any CPU
	EndGlobalSection
	GlobalSection(SolutionProperties) = preSolution
		HideSolutionNode = FALSE
	EndGlobalSection
	GlobalSection(ExtensibilityGlobals) = postSolution
		SolutionGuid = {F738093D-A74D-40DF-AF89-3F8C863F71B2}
	EndGlobalSection
EndGlobal
